
Microsoft Visual Studio Solution File, Format Version 12.00
# Visual Studio Version 17
VisualStudioVersion = 17.14.36429.23
MinimumVisualStudioVersion = 10.0.40219.1
Project("{FAE04EC0-301F-11D3-BF4B-00C04F79EFBC}") = "SolSignalModel1D_Backtest", "SolSignalModel1D_Backtest.csproj", "{866EC47A-0F04-BB1F-2CF7-063777144EFE}"
EndProject
Project("{FAE04EC0-301F-11D3-BF4B-00C04F79EFBC}") = "SolSignalModel1D_Backtest.Reports", "SolSignalModel1D_Backtest.Reports\SolSignalModel1D_Backtest.Reports.csproj", "{9090A1E0-488B-4843-BE6D-C8E2D52430F3}"
EndProject
Project("{FAE04EC0-301F-11D3-BF4B-00C04F79EFBC}") = "SolSignalModel1D_Backtest.Core.Causal", "SolSignalModel1D_Backtest.Core.Causal\SolSignalModel1D_Backtest.Core.Causal.csproj", "{0C9096F9-4B8E-4035-923E-EB1DA913A295}"
EndProject
Project("{FAE04EC0-301F-11D3-BF4B-00C04F79EFBC}") = "SolSignalModel1D_Backtest.Core.Omniscient", "SolSignalModel1D_Backtest.Core.Omniscient\SolSignalModel1D_Backtest.Core.Omniscient.csproj", "{9F3B8038-018B-42D8-908A-C91527DFA6B2}"
EndProject
Project("{FAE04EC0-301F-11D3-BF4B-00C04F79EFBC}") = "SolSignalModel1D_Backtest.Tests", "SolSignalModel1D_Backtest.Tests\SolSignalModel1D_Backtest.Tests.csproj", "{37F5112D-FC54-ABA7-003D-128B4C97037F}"
EndProject
Project("{FAE04EC0-301F-11D3-BF4B-00C04F79EFBC}") = "SolSignalModel1D_Backtest.SanityChecks", "SolSignalModel1D_Backtest.SanityChecks\SolSignalModel1D_Backtest.SanityChecks.csproj", "{6DA2C7E0-1604-1D2B-A1EE-2ABE7B0D1D33}"
EndProject
Project("{FAE04EC0-301F-11D3-BF4B-00C04F79EFBC}") = "SolSignalModel1D_Backtest.Api", "SolSignalModel1D_Backtest.Api\SolSignalModel1D_Backtest.Api.csproj", "{FF4B33AD-40E8-5AA4-FEA6-ECAAB3FBCAE6}"
EndProject
Global
	GlobalSection(SolutionConfigurationPlatforms) = preSolution
		Debug|Any CPU = Debug|Any CPU
		Debug|x64 = Debug|x64
		Debug|x86 = Debug|x86
		Release|Any CPU = Release|Any CPU
		Release|x64 = Release|x64
		Release|x86 = Release|x86
	EndGlobalSection
	GlobalSection(ProjectConfigurationPlatforms) = postSolution
		{866EC47A-0F04-BB1F-2CF7-063777144EFE}.Debug|Any CPU.ActiveCfg = Debug|Any CPU
		{866EC47A-0F04-BB1F-2CF7-063777144EFE}.Debug|Any CPU.Build.0 = Debug|Any CPU
		{866EC47A-0F04-BB1F-2CF7-063777144EFE}.Debug|x64.ActiveCfg = Debug|Any CPU
		{866EC47A-0F04-BB1F-2CF7-063777144EFE}.Debug|x64.Build.0 = Debug|Any CPU
		{866EC47A-0F04-BB1F-2CF7-063777144EFE}.Debug|x86.ActiveCfg = Debug|Any CPU
		{866EC47A-0F04-BB1F-2CF7-063777144EFE}.Debug|x86.Build.0 = Debug|Any CPU
		{866EC47A-0F04-BB1F-2CF7-063777144EFE}.Release|Any CPU.ActiveCfg = Release|Any CPU
		{866EC47A-0F04-BB1F-2CF7-063777144EFE}.Release|Any CPU.Build.0 = Release|Any CPU
		{866EC47A-0F04-BB1F-2CF7-063777144EFE}.Release|x64.ActiveCfg = Release|Any CPU
		{866EC47A-0F04-BB1F-2CF7-063777144EFE}.Release|x64.Build.0 = Release|Any CPU
		{866EC47A-0F04-BB1F-2CF7-063777144EFE}.Release|x86.ActiveCfg = Release|Any CPU
		{866EC47A-0F04-BB1F-2CF7-063777144EFE}.Release|x86.Build.0 = Release|Any CPU
		{9090A1E0-488B-4843-BE6D-C8E2D52430F3}.Debug|Any CPU.ActiveCfg = Debug|Any CPU
		{9090A1E0-488B-4843-BE6D-C8E2D52430F3}.Debug|Any CPU.Build.0 = Debug|Any CPU
		{9090A1E0-488B-4843-BE6D-C8E2D52430F3}.Debug|x64.ActiveCfg = Debug|Any CPU
		{9090A1E0-488B-4843-BE6D-C8E2D52430F3}.Debug|x64.Build.0 = Debug|Any CPU
		{9090A1E0-488B-4843-BE6D-C8E2D52430F3}.Debug|x86.ActiveCfg = Debug|Any CPU
		{9090A1E0-488B-4843-BE6D-C8E2D52430F3}.Debug|x86.Build.0 = Debug|Any CPU
		{9090A1E0-488B-4843-BE6D-C8E2D52430F3}.Release|Any CPU.ActiveCfg = Release|Any CPU
		{9090A1E0-488B-4843-BE6D-C8E2D52430F3}.Release|Any CPU.Build.0 = Release|Any CPU
		{9090A1E0-488B-4843-BE6D-C8E2D52430F3}.Release|x64.ActiveCfg = Release|Any CPU
		{9090A1E0-488B-4843-BE6D-C8E2D52430F3}.Release|x64.Build.0 = Release|Any CPU
		{9090A1E0-488B-4843-BE6D-C8E2D52430F3}.Release|x86.ActiveCfg = Release|Any CPU
		{9090A1E0-488B-4843-BE6D-C8E2D52430F3}.Release|x86.Build.0 = Release|Any CPU
		{0C9096F9-4B8E-4035-923E-EB1DA913A295}.Debug|Any CPU.ActiveCfg = Debug|Any CPU
		{0C9096F9-4B8E-4035-923E-EB1DA913A295}.Debug|Any CPU.Build.0 = Debug|Any CPU
		{0C9096F9-4B8E-4035-923E-EB1DA913A295}.Debug|x64.ActiveCfg = Debug|Any CPU
		{0C9096F9-4B8E-4035-923E-EB1DA913A295}.Debug|x64.Build.0 = Debug|Any CPU
		{0C9096F9-4B8E-4035-923E-EB1DA913A295}.Debug|x86.ActiveCfg = Debug|Any CPU
		{0C9096F9-4B8E-4035-923E-EB1DA913A295}.Debug|x86.Build.0 = Debug|Any CPU
		{0C9096F9-4B8E-4035-923E-EB1DA913A295}.Release|Any CPU.ActiveCfg = Release|Any CPU
		{0C9096F9-4B8E-4035-923E-EB1DA913A295}.Release|Any CPU.Build.0 = Release|Any CPU
		{0C9096F9-4B8E-4035-923E-EB1DA913A295}.Release|x64.ActiveCfg = Release|Any CPU
		{0C9096F9-4B8E-4035-923E-EB1DA913A295}.Release|x64.Build.0 = Release|Any CPU
		{0C9096F9-4B8E-4035-923E-EB1DA913A295}.Release|x86.ActiveCfg = Release|Any CPU
		{0C9096F9-4B8E-4035-923E-EB1DA913A295}.Release|x86.Build.0 = Release|Any CPU
		{9F3B8038-018B-42D8-908A-C91527DFA6B2}.Debug|Any CPU.ActiveCfg = Debug|Any CPU
		{9F3B8038-018B-42D8-908A-C91527DFA6B2}.Debug|Any CPU.Build.0 = Debug|Any CPU
		{9F3B8038-018B-42D8-908A-C91527DFA6B2}.Debug|x64.ActiveCfg = Debug|Any CPU
		{9F3B8038-018B-42D8-908A-C91527DFA6B2}.Debug|x64.Build.0 = Debug|Any CPU
		{9F3B8038-018B-42D8-908A-C91527DFA6B2}.Debug|x86.ActiveCfg = Debug|Any CPU
		{9F3B8038-018B-42D8-908A-C91527DFA6B2}.Debug|x86.Build.0 = Debug|Any CPU
		{9F3B8038-018B-42D8-908A-C91527DFA6B2}.Release|Any CPU.ActiveCfg = Release|Any CPU
		{9F3B8038-018B-42D8-908A-C91527DFA6B2}.Release|Any CPU.Build.0 = Release|Any CPU
		{9F3B8038-018B-42D8-908A-C91527DFA6B2}.Release|x64.ActiveCfg = Release|Any CPU
		{9F3B8038-018B-42D8-908A-C91527DFA6B2}.Release|x64.Build.0 = Release|Any CPU
		{9F3B8038-018B-42D8-908A-C91527DFA6B2}.Release|x86.ActiveCfg = Release|Any CPU
		{9F3B8038-018B-42D8-908A-C91527DFA6B2}.Release|x86.Build.0 = Release|Any CPU
		{37F5112D-FC54-ABA7-003D-128B4C97037F}.Debug|Any CPU.ActiveCfg = Debug|Any CPU
		{37F5112D-FC54-ABA7-003D-128B4C97037F}.Debug|Any CPU.Build.0 = Debug|Any CPU
		{37F5112D-FC54-ABA7-003D-128B4C97037F}.Debug|x64.ActiveCfg = Debug|Any CPU
		{37F5112D-FC54-ABA7-003D-128B4C97037F}.Debug|x64.Build.0 = Debug|Any CPU
		{37F5112D-FC54-ABA7-003D-128B4C97037F}.Debug|x86.ActiveCfg = Debug|Any CPU
		{37F5112D-FC54-ABA7-003D-128B4C97037F}.Debug|x86.Build.0 = Debug|Any CPU
		{37F5112D-FC54-ABA7-003D-128B4C97037F}.Release|Any CPU.ActiveCfg = Release|Any CPU
		{37F5112D-FC54-ABA7-003D-128B4C97037F}.Release|Any CPU.Build.0 = Release|Any CPU
		{37F5112D-FC54-ABA7-003D-128B4C97037F}.Release|x64.ActiveCfg = Release|Any CPU
		{37F5112D-FC54-ABA7-003D-128B4C97037F}.Release|x64.Build.0 = Release|Any CPU
		{37F5112D-FC54-ABA7-003D-128B4C97037F}.Release|x86.ActiveCfg = Release|Any CPU
		{37F5112D-FC54-ABA7-003D-128B4C97037F}.Release|x86.Build.0 = Release|Any CPU
		{6DA2C7E0-1604-1D2B-A1EE-2ABE7B0D1D33}.Debug|Any CPU.ActiveCfg = Debug|Any CPU
		{6DA2C7E0-1604-1D2B-A1EE-2ABE7B0D1D33}.Debug|Any CPU.Build.0 = Debug|Any CPU
		{6DA2C7E0-1604-1D2B-A1EE-2ABE7B0D1D33}.Debug|x64.ActiveCfg = Debug|Any CPU
		{6DA2C7E0-1604-1D2B-A1EE-2ABE7B0D1D33}.Debug|x64.Build.0 = Debug|Any CPU
		{6DA2C7E0-1604-1D2B-A1EE-2ABE7B0D1D33}.Debug|x86.ActiveCfg = Debug|Any CPU
		{6DA2C7E0-1604-1D2B-A1EE-2ABE7B0D1D33}.Debug|x86.Build.0 = Debug|Any CPU
		{6DA2C7E0-1604-1D2B-A1EE-2ABE7B0D1D33}.Release|Any CPU.ActiveCfg = Release|Any CPU
		{6DA2C7E0-1604-1D2B-A1EE-2ABE7B0D1D33}.Release|Any CPU.Build.0 = Release|Any CPU
		{6DA2C7E0-1604-1D2B-A1EE-2ABE7B0D1D33}.Release|x64.ActiveCfg = Release|Any CPU
		{6DA2C7E0-1604-1D2B-A1EE-2ABE7B0D1D33}.Release|x64.Build.0 = Release|Any CPU
		{6DA2C7E0-1604-1D2B-A1EE-2ABE7B0D1D33}.Release|x86.ActiveCfg = Release|Any CPU
		{6DA2C7E0-1604-1D2B-A1EE-2ABE7B0D1D33}.Release|x86.Build.0 = Release|Any CPU
		{FF4B33AD-40E8-5AA4-FEA6-ECAAB3FBCAE6}.Debug|Any CPU.ActiveCfg = Debug|Any CPU
		{FF4B33AD-40E8-5AA4-FEA6-ECAAB3FBCAE6}.Debug|Any CPU.Build.0 = Debug|Any CPU
		{FF4B33AD-40E8-5AA4-FEA6-ECAAB3FBCAE6}.Debug|x64.ActiveCfg = Debug|Any CPU
		{FF4B33AD-40E8-5AA4-FEA6-ECAAB3FBCAE6}.Debug|x64.Build.0 = Debug|Any CPU
		{FF4B33AD-40E8-5AA4-FEA6-ECAAB3FBCAE6}.Debug|x86.ActiveCfg = Debug|Any CPU
		{FF4B33AD-40E8-5AA4-FEA6-ECAAB3FBCAE6}.Debug|x86.Build.0 = Debug|Any CPU
		{FF4B33AD-40E8-5AA4-FEA6-ECAAB3FBCAE6}.Release|Any CPU.ActiveCfg = Release|Any CPU
		{FF4B33AD-40E8-5AA4-FEA6-ECAAB3FBCAE6}.Release|Any CPU.Build.0 = Release|Any CPU
		{FF4B33AD-40E8-5AA4-FEA6-ECAAB3FBCAE6}.Release|x64.ActiveCfg = Release|Any CPU
		{FF4B33AD-40E8-5AA4-FEA6-ECAAB3FBCAE6}.Release|x64.Build.0 = Release|Any CPU
		{FF4B33AD-40E8-5AA4-FEA6-ECAAB3FBCAE6}.Release|x86.ActiveCfg = Release|Any CPU
		{FF4B33AD-40E8-5AA4-FEA6-ECAAB3FBCAE6}.Release|x86.Build.0 = Release|Any CPU
	EndGlobalSection
	GlobalSection(SolutionProperties) = preSolution
		HideSolutionNode = FALSE
	EndGlobalSection
	GlobalSection(ExtensibilityGlobals) = postSolution
		SolutionGuid = {0ECC4A23-577E-4894-8E3D-559144E228B2}
	EndGlobalSection
EndGlobal
